PODS:
  - Kingfisher (5.8.3):
    - Kingfisher/Core (= 5.8.3)
  - Kingfisher/Core (5.8.3)
  - LYConvenienceKit (1.0.1):
    - Kingfisher
    - SnapKit
  - SnapKit (5.0.1)

DEPENDENCIES:
  - LYConvenienceKit

SPEC REPOS:
  trunk:
    - Kingfisher
    - LYConvenienceKit
    - SnapKit

SPEC CHECKSUMS:
  Kingfisher: b7e4cb65ff24c264bd2a1284b75b974d907afd94
  LYConvenienceKit: e8c343bc0d9e4f53f49c101c586930a91662ce40
  SnapKit: 97b92857e3df3a0c71833cce143274bf6ef8e5eb

PODFILE CHECKSUM: 3e672c858deb76189c3ba79622e4cd19f6b018ae

COCOAPODS: 1.8.3
